
Microsoft Visual Studio Solution File, Format Version 12.00
# Visual Studio 15
VisualStudioVersion = 15.0.28307.779
MinimumVisualStudioVersion = 10.0.40219.1
Project("{FAE04EC0-301F-11D3-BF4B-00C04F79EFBC}") = "App1.Android", "App1\App1.Android\App1.Android.csproj", "{29DDD9FB-AB98-42FA-98E5-0A35DC17D56B}"
EndProject
Project("{FAE04EC0-301F-11D3-BF4B-00C04F79EFBC}") = "App1.iOS", "App1\App1.iOS\App1.iOS.csproj", "{25ECCF15-0B52-4D5D-A585-51B5E165E07B}"
EndProject
Project("{FAE04EC0-301F-11D3-BF4B-00C04F79EFBC}") = "App1", "App1\App1\App1.csproj", "{3ADE6A62-F5B5-4CBC-9955-00A8150EA802}"
EndProject
Global
	GlobalSection(SolutionConfigurationPlatforms) = preSolution
		Ad-Hoc|Any CPU = Ad-Hoc|Any CPU
		Ad-Hoc|iPhone = Ad-Hoc|iPhone
		Ad-Hoc|iPhoneSimulator = Ad-Hoc|iPhoneSimulator
		AppStore|Any CPU = AppStore|Any CPU
		AppStore|iPhone = AppStore|iPhone
		AppStore|iPhoneSimulator = AppStore|iPhoneSimulator
		Debug|Any CPU = Debug|Any CPU
		Debug|iPhone = Debug|iPhone
		Debug|iPhoneSimulator = Debug|iPhoneSimulator
		Release|Any CPU = Release|Any CPU
		Release|iPhone = Release|iPhone
		Release|iPhoneSimulator = Release|iPhoneSimulator
	EndGlobalSection
	GlobalSection(ProjectConfigurationPlatforms) = postSolution
		{29DDD9FB-AB98-42FA-98E5-0A35DC17D56B}.Ad-Hoc|Any CPU.ActiveCfg = Release|Any CPU
		{29DDD9FB-AB98-42FA-98E5-0A35DC17D56B}.Ad-Hoc|Any CPU.Build.0 = Release|Any CPU
		{29DDD9FB-AB98-42FA-98E5-0A35DC17D56B}.Ad-Hoc|Any CPU.Deploy.0 = Release|Any CPU
		{29DDD9FB-AB98-42FA-98E5-0A35DC17D56B}.Ad-Hoc|iPhone.ActiveCfg = Release|Any CPU
		{29DDD9FB-AB98-42FA-98E5-0A35DC17D56B}.Ad-Hoc|iPhone.Build.0 = Release|Any CPU
		{29DDD9FB-AB98-42FA-98E5-0A35DC17D56B}.Ad-Hoc|iPhone.Deploy.0 = Release|Any CPU
		{29DDD9FB-AB98-42FA-98E5-0A35DC17D56B}.Ad-Hoc|iPhoneSimulator.ActiveCfg = Release|Any CPU
		{29DDD9FB-AB98-42FA-98E5-0A35DC17D56B}.Ad-Hoc|iPhoneSimulator.Build.0 = Release|Any CPU
		{29DDD9FB-AB98-42FA-98E5-0A35DC17D56B}.Ad-Hoc|iPhoneSimulator.Deploy.0 = Release|Any CPU
		{29DDD9FB-AB98-42FA-98E5-0A35DC17D56B}.AppStore|Any CPU.ActiveCfg = Release|Any CPU
		{29DDD9FB-AB98-42FA-98E5-0A35DC17D56B}.AppStore|Any CPU.Build.0 = Release|Any CPU
		{29DDD9FB-AB98-42FA-98E5-0A35DC17D56B}.AppStore|Any CPU.Deploy.0 = Release|Any CPU
		{29DDD9FB-AB98-42FA-98E5-0A35DC17D56B}.AppStore|iPhone.ActiveCfg = Release|Any CPU
		{29DDD9FB-AB98-42FA-98E5-0A35DC17D56B}.AppStore|iPhone.Build.0 = Release|Any CPU
		{29DDD9FB-AB98-42FA-98E5-0A35DC17D56B}.AppStore|iPhone.Deploy.0 = Release|Any CPU
		{29DDD9FB-AB98-42FA-98E5-0A35DC17D56B}.AppStore|iPhoneSimulator.ActiveCfg = Release|Any CPU
		{29DDD9FB-AB98-42FA-98E5-0A35DC17D56B}.AppStore|iPhoneSimulator.Build.0 = Release|Any CPU
		{29DDD9FB-AB98-42FA-98E5-0A35DC17D56B}.AppStore|iPhoneSimulator.Deploy.0 = Release|Any CPU
		{29DDD9FB-AB98-42FA-98E5-0A35DC17D56B}.Debug|Any CPU.ActiveCfg = Debug|Any CPU
		{29DDD9FB-AB98-42FA-98E5-0A35DC17D56B}.Debug|Any CPU.Build.0 = Debug|Any CPU
		{29DDD9FB-AB98-42FA-98E5-0A35DC17D56B}.Debug|Any CPU.Deploy.0 = Debug|Any CPU
		{29DDD9FB-AB98-42FA-98E5-0A35DC17D56B}.Debug|iPhone.ActiveCfg = Debug|Any CPU
		{29DDD9FB-AB98-42FA-98E5-0A35DC17D56B}.Debug|iPhone.Build.0 = Debug|Any CPU
		{29DDD9FB-AB98-42FA-98E5-0A35DC17D56B}.Debug|iPhone.Deploy.0 = Debug|Any CPU
		{29DDD9FB-AB98-42FA-98E5-0A35DC17D56B}.Debug|iPhoneSimulator.ActiveCfg = Debug|Any CPU
		{29DDD9FB-AB98-42FA-98E5-0A35DC17D56B}.Debug|iPhoneSimulator.Build.0 = Debug|Any CPU
		{29DDD9FB-AB98-42FA-98E5-0A35DC17D56B}.Debug|iPhoneSimulator.Deploy.0 = Debug|Any CPU
		{29DDD9FB-AB98-42FA-98E5-0A35DC17D56B}.Release|Any CPU.ActiveCfg = Release|Any CPU
		{29DDD9FB-AB98-42FA-98E5-0A35DC17D56B}.Release|Any CPU.Build.0 = Release|Any CPU
		{29DDD9FB-AB98-42FA-98E5-0A35DC17D56B}.Release|Any CPU.Deploy.0 = Release|Any CPU
		{29DDD9FB-AB98-42FA-98E5-0A35DC17D56B}.Release|iPhone.ActiveCfg = Release|Any CPU
		{29DDD9FB-AB98-42FA-98E5-0A35DC17D56B}.Release|iPhone.Build.0 = Release|Any CPU
		{29DDD9FB-AB98-42FA-98E5-0A35DC17D56B}.Release|iPhone.Deploy.0 = Release|Any CPU
		{29DDD9FB-AB98-42FA-98E5-0A35DC17D56B}.Release|iPhoneSimulator.ActiveCfg = Release|Any CPU
		{29DDD9FB-AB98-42FA-98E5-0A35DC17D56B}.Release|iPhoneSimulator.Build.0 = Release|Any CPU
		{29DDD9FB-AB98-42FA-98E5-0A35DC17D56B}.Release|iPhoneSimulator.Deploy.0 = Release|Any CPU
		{25ECCF15-0B52-4D5D-A585-51B5E165E07B}.Ad-Hoc|Any CPU.ActiveCfg = Ad-Hoc|iPhone
		{25ECCF15-0B52-4D5D-A585-51B5E165E07B}.Ad-Hoc|Any CPU.Build.0 = Ad-Hoc|iPhone
		{25ECCF15-0B52-4D5D-A585-51B5E165E07B}.Ad-Hoc|Any CPU.Deploy.0 = Ad-Hoc|iPhone
		{25ECCF15-0B52-4D5D-A585-51B5E165E07B}.Ad-Hoc|iPhone.ActiveCfg = Ad-Hoc|iPhone
		{25ECCF15-0B52-4D5D-A585-51B5E165E07B}.Ad-Hoc|iPhone.Build.0 = Ad-Hoc|iPhone
		{25ECCF15-0B52-4D5D-A585-51B5E165E07B}.Ad-Hoc|iPhone.Deploy.0 = Ad-Hoc|iPhone
		{25ECCF15-0B52-4D5D-A585-51B5E165E07B}.Ad-Hoc|iPhoneSimulator.ActiveCfg = Ad-Hoc|iPhoneSimulator
		{25ECCF15-0B52-4D5D-A585-51B5E165E07B}.Ad-Hoc|iPhoneSimulator.Build.0 = Ad-Hoc|iPhoneSimulator
		{25ECCF15-0B52-4D5D-A585-51B5E165E07B}.Ad-Hoc|iPhoneSimulator.Deploy.0 = Ad-Hoc|iPhoneSimulator
		{25ECCF15-0B52-4D5D-A585-51B5E165E07B}.AppStore|Any CPU.ActiveCfg = AppStore|iPhone
		{25ECCF15-0B52-4D5D-A585-51B5E165E07B}.AppStore|Any CPU.Build.0 = AppStore|iPhone
		{25ECCF15-0B52-4D5D-A585-51B5E165E07B}.AppStore|Any CPU.Deploy.0 = AppStore|iPhone
		{25ECCF15-0B52-4D5D-A585-51B5E165E07B}.AppStore|iPhone.ActiveCfg = AppStore|iPhone
		{25ECCF15-0B52-4D5D-A585-51B5E165E07B}.AppStore|iPhone.Build.0 = AppStore|iPhone
		{25ECCF15-0B52-4D5D-A585-51B5E165E07B}.AppStore|iPhone.Deploy.0 = AppStore|iPhone
		{25ECCF15-0B52-4D5D-A585-51B5E165E07B}.AppStore|iPhoneSimulator.ActiveCfg = AppStore|iPhoneSimulator
		{25ECCF15-0B52-4D5D-A585-51B5E165E07B}.AppStore|iPhoneSimulator.Build.0 = AppStore|iPhoneSimulator
		{25ECCF15-0B52-4D5D-A585-51B5E165E07B}.AppStore|iPhoneSimulator.Deploy.0 = AppStore|iPhoneSimulator
		{25ECCF15-0B52-4D5D-A585-51B5E165E07B}.Debug|Any CPU.ActiveCfg = Debug|iPhoneSimulator
		{25ECCF15-0B52-4D5D-A585-51B5E165E07B}.Debug|Any CPU.Build.0 = Debug|iPhoneSimulator
		{25ECCF15-0B52-4D5D-A585-51B5E165E07B}.Debug|Any CPU.Deploy.0 = Debug|iPhoneSimulator
		{25ECCF15-0B52-4D5D-A585-51B5E165E07B}.Debug|iPhone.ActiveCfg = Debug|iPhone
		{25ECCF15-0B52-4D5D-A585-51B5E165E07B}.Debug|iPhone.Build.0 = Debug|iPhone
		{25ECCF15-0B52-4D5D-A585-51B5E165E07B}.Debug|iPhone.Deploy.0 = Debug|iPhone
		{25ECCF15-0B52-4D5D-A585-51B5E165E07B}.Debug|iPhoneSimulator.ActiveCfg = Debug|iPhoneSimulator
		{25ECCF15-0B52-4D5D-A585-51B5E165E07B}.Debug|iPhoneSimulator.Build.0 = Debug|iPhoneSimulator
		{25ECCF15-0B52-4D5D-A585-51B5E165E07B}.Debug|iPhoneSimulator.Deploy.0 = Debug|iPhoneSimulator
		{25ECCF15-0B52-4D5D-A585-51B5E165E07B}.Release|Any CPU.ActiveCfg = Release|iPhone
		{25ECCF15-0B52-4D5D-A585-51B5E165E07B}.Release|Any CPU.Build.0 = Release|iPhone
		{25ECCF15-0B52-4D5D-A585-51B5E165E07B}.Release|Any CPU.Deploy.0 = Release|iPhone
		{25ECCF15-0B52-4D5D-A585-51B5E165E07B}.Release|iPhone.ActiveCfg = Release|iPhone
		{25ECCF15-0B52-4D5D-A585-51B5E165E07B}.Release|iPhone.Build.0 = Release|iPhone
		{25ECCF15-0B52-4D5D-A585-51B5E165E07B}.Release|iPhone.Deploy.0 = Release|iPhone
		{25ECCF15-0B52-4D5D-A585-51B5E165E07B}.Release|iPhoneSimulator.ActiveCfg = Release|iPhoneSimulator
		{25ECCF15-0B52-4D5D-A585-51B5E165E07B}.Release|iPhoneSimulator.Build.0 = Release|iPhoneSimulator
		{25ECCF15-0B52-4D5D-A585-51B5E165E07B}.Release|iPhoneSimulator.Deploy.0 = Release|iPhoneSimulator
		{3ADE6A62-F5B5-4CBC-9955-00A8150EA802}.Ad-Hoc|Any CPU.ActiveCfg = Debug|Any CPU
		{3ADE6A62-F5B5-4CBC-9955-00A8150EA802}.Ad-Hoc|Any CPU.Build.0 = Debug|Any CPU
		{3ADE6A62-F5B5-4CBC-9955-00A8150EA802}.Ad-Hoc|Any CPU.Deploy.0 = Debug|Any CPU
		{3ADE6A62-F5B5-4CBC-9955-00A8150EA802}.Ad-Hoc|iPhone.ActiveCfg = Debug|Any CPU
		{3ADE6A62-F5B5-4CBC-9955-00A8150EA802}.Ad-Hoc|iPhone.Build.0 = Debug|Any CPU
		{3ADE6A62-F5B5-4CBC-9955-00A8150EA802}.Ad-Hoc|iPhone.Deploy.0 = Debug|Any CPU
		{3ADE6A62-F5B5-4CBC-9955-00A8150EA802}.Ad-Hoc|iPhoneSimulator.ActiveCfg = Debug|Any CPU
		{3ADE6A62-F5B5-4CBC-9955-00A8150EA802}.Ad-Hoc|iPhoneSimulator.Build.0 = Debug|Any CPU
		{3ADE6A62-F5B5-4CBC-9955-00A8150EA802}.Ad-Hoc|iPhoneSimulator.Deploy.0 = Debug|Any CPU
		{3ADE6A62-F5B5-4CBC-9955-00A8150EA802}.AppStore|Any CPU.ActiveCfg = Debug|Any CPU
		{3ADE6A62-F5B5-4CBC-9955-00A8150EA802}.AppStore|Any CPU.Build.0 = Debug|Any CPU
		{3ADE6A62-F5B5-4CBC-9955-00A8150EA802}.AppStore|Any CPU.Deploy.0 = Debug|Any CPU
		{3ADE6A62-F5B5-4CBC-9955-00A8150EA802}.AppStore|iPhone.ActiveCfg = Debug|Any CPU
		{3ADE6A62-F5B5-4CBC-9955-00A8150EA802}.AppStore|iPhone.Build.0 = Debug|Any CPU
		{3ADE6A62-F5B5-4CBC-9955-00A8150EA802}.AppStore|iPhone.Deploy.0 = Debug|Any CPU
		{3ADE6A62-F5B5-4CBC-9955-00A8150EA802}.AppStore|iPhoneSimulator.ActiveCfg = Debug|Any CPU
		{3ADE6A62-F5B5-4CBC-9955-00A8150EA802}.AppStore|iPhoneSimulator.Build.0 = Debug|Any CPU
		{3ADE6A62-F5B5-4CBC-9955-00A8150EA802}.AppStore|iPhoneSimulator.Deploy.0 = Debug|Any CPU
		{3ADE6A62-F5B5-4CBC-9955-00A8150EA802}.Debug|Any CPU.ActiveCfg = Debug|Any CPU
		{3ADE6A62-F5B5-4CBC-9955-00A8150EA802}.Debug|Any CPU.Build.0 = Debug|Any CPU
		{3ADE6A62-F5B5-4CBC-9955-00A8150EA802}.Debug|Any CPU.Deploy.0 = Debug|Any CPU
		{3ADE6A62-F5B5-4CBC-9955-00A8150EA802}.Debug|iPhone.ActiveCfg = Debug|Any CPU
		{3ADE6A62-F5B5-4CBC-9955-00A8150EA802}.Debug|iPhone.Build.0 = Debug|Any CPU
		{3ADE6A62-F5B5-4CBC-9955-00A8150EA802}.Debug|iPhone.Deploy.0 = Debug|Any CPU
		{3ADE6A62-F5B5-4CBC-9955-00A8150EA802}.Debug|iPhoneSimulator.ActiveCfg = Debug|Any CPU
		{3ADE6A62-F5B5-4CBC-9955-00A8150EA802}.Debug|iPhoneSimulator.Build.0 = Debug|Any CPU
		{3ADE6A62-F5B5-4CBC-9955-00A8150EA802}.Debug|iPhoneSimulator.Deploy.0 = Debug|Any CPU
		{3ADE6A62-F5B5-4CBC-9955-00A8150EA802}.Release|Any CPU.ActiveCfg = Release|Any CPU
		{3ADE6A62-F5B5-4CBC-9955-00A8150EA802}.Release|Any CPU.Build.0 = Release|Any CPU
		{3ADE6A62-F5B5-4CBC-9955-00A8150EA802}.Release|Any CPU.Deploy.0 = Release|Any CPU
		{3ADE6A62-F5B5-4CBC-9955-00A8150EA802}.Release|iPhone.ActiveCfg = Release|Any CPU
		{3ADE6A62-F5B5-4CBC-9955-00A8150EA802}.Release|iPhone.Build.0 = Release|Any CPU
		{3ADE6A62-F5B5-4CBC-9955-00A8150EA802}.Release|iPhone.Deploy.0 = Release|Any CPU
		{3ADE6A62-F5B5-4CBC-9955-00A8150EA802}.Release|iPhoneSimulator.ActiveCfg = Release|Any CPU
		{3ADE6A62-F5B5-4CBC-9955-00A8150EA802}.Release|iPhoneSimulator.Build.0 = Release|Any CPU
		{3ADE6A62-F5B5-4CBC-9955-00A8150EA802}.Release|iPhoneSimulator.Deploy.0 = Release|Any CPU
	EndGlobalSection
	GlobalSection(SolutionProperties) = preSolution
		HideSolutionNode = FALSE
	EndGlobalSection
	GlobalSection(ExtensibilityGlobals) = postSolution
		SolutionGuid = {3A8A56FA-BF95-44CB-ABC9-A865D8B78379}
	EndGlobalSection
EndGlobal
